
Microsoft Visual Studio Solution File, Format Version 12.00
# Visual Studio 2013
VisualStudioVersion = 12.0.31101.0
MinimumVisualStudioVersion = 10.0.40219.1
Project("{FAE04EC0-301F-11D3-BF4B-00C04F79EFBC}") = "Basic.CSharp.Interview.Extended", "Basic.CSharp.Interview.Extended\Basic.CSharp.Interview.Extended.csproj", "{661935F3-3406-4CDF-A172-92974BB8338B}"
EndProject
Project("{FAE04EC0-301F-11D3-BF4B-00C04F79EFBC}") = "Basics.CSharp.Interview", "..\Basic.CSharp.Concepts\Basics.CSharp.Interview\Basics.CSharp.Interview.csproj", "{364E52C6-9180-4A1B-A7A6-222BBDE5866B}"
EndProject
Global
	GlobalSection(SolutionConfigurationPlatforms) = preSolution
		Debug|Any CPU = Debug|Any CPU
		Release|Any CPU = Release|Any CPU
	EndGlobalSection
	GlobalSection(ProjectConfigurationPlatforms) = postSolution
		{661935F3-3406-4CDF-A172-92974BB8338B}.Debug|Any CPU.ActiveCfg = Debug|Any CPU
		{661935F3-3406-4CDF-A172-92974BB8338B}.Debug|Any CPU.Build.0 = Debug|Any CPU
		{661935F3-3406-4CDF-A172-92974BB8338B}.Release|Any CPU.ActiveCfg = Release|Any CPU
		{661935F3-3406-4CDF-A172-92974BB8338B}.Release|Any CPU.Build.0 = Release|Any CPU
		{364E52C6-9180-4A1B-A7A6-222BBDE5866B}.Debug|Any CPU.ActiveCfg = Debug|Any CPU
		{364E52C6-9180-4A1B-A7A6-222BBDE5866B}.Debug|Any CPU.Build.0 = Debug|Any CPU
		{364E52C6-9180-4A1B-A7A6-222BBDE5866B}.Release|Any CPU.ActiveCfg = Release|Any CPU
		{364E52C6-9180-4A1B-A7A6-222BBDE5866B}.Release|Any CPU.Build.0 = Release|Any CPU
	EndGlobalSection
	GlobalSection(SolutionProperties) = preSolution
		HideSolutionNode = FALSE
	EndGlobalSection
EndGlobal
